
Microsoft Visual Studio Solution File, Format Version 12.00
# Visual Studio 2012
Project("{8BC9CEB8-8B4A-11D0-8D11-00A0C91BC942}") = "BasicHook", "BasicHook\BasicHook.vcxproj", "{0CF00F05-CE60-422B-A2F0-5630E3BF32C0}"
EndProject
Global
	GlobalSection(SolutionConfigurationPlatforms) = preSolution
		Debug|Win32 = Debug|Win32
		Release|Win32 = Release|Win32
	EndGlobalSection
	GlobalSection(ProjectConfigurationPlatforms) = postSolution
		{0CF00F05-CE60-422B-A2F0-5630E3BF32C0}.Debug|Win32.ActiveCfg = Debug|Win32
		{0CF00F05-CE60-422B-A2F0-5630E3BF32C0}.Debug|Win32.Build.0 = Debug|Win32
		{0CF00F05-CE60-422B-A2F0-5630E3BF32C0}.Release|Win32.ActiveCfg = Release|Win32
		{0CF00F05-CE60-422B-A2F0-5630E3BF32C0}.Release|Win32.Build.0 = Release|Win32
	EndGlobalSection
	GlobalSection(SolutionProperties) = preSolution
		HideSolutionNode = FALSE
	EndGlobalSection
EndGlobal
